
Microsoft Visual Studio Solution File, Format Version 12.00
# Visual Studio Version 16
VisualStudioVersion = 16.0.29324.140
MinimumVisualStudioVersion = 10.0.40219.1
Project("{FAE04EC0-301F-11D3-BF4B-00C04F79EFBC}") = "Ash.Ecommerce.Cart.App", "Ash.Ecommerce.Cart\Ash.Ecommerce.Cart.App.csproj", "{B71345B7-AF42-42C1-ADCC-409EB8517B1E}"
EndProject
Project("{9A19103F-16F7-4668-BE54-9A1E7A4F7556}") = "Ash.Ecommerce.Cart.Test", "Ash.Ecommerce.Cart.Test\Ash.Ecommerce.Cart.Test.csproj", "{D6ECC0CA-4C34-4D08-A3C3-2692FB227DD1}"
EndProject
Project("{FAE04EC0-301F-11D3-BF4B-00C04F79EFBC}") = "Ash.Ecommerce.Common", "Ash.Ecommerce.Common\Ash.Ecommerce.Common.csproj", "{4924D21F-DD5E-4BB6-AA82-448844876383}"
EndProject
Project("{FAE04EC0-301F-11D3-BF4B-00C04F79EFBC}") = "Ash.Ecommerce.Cart.Library", "Ash.Ecommerce.Cart.Library\Ash.Ecommerce.Cart.Library.csproj", "{298E726D-921D-42B9-8DCB-E0C00DBD9489}"
EndProject
Global
	GlobalSection(SolutionConfigurationPlatforms) = preSolution
		Debug|Any CPU = Debug|Any CPU
		Release|Any CPU = Release|Any CPU
	EndGlobalSection
	GlobalSection(ProjectConfigurationPlatforms) = postSolution
		{B71345B7-AF42-42C1-ADCC-409EB8517B1E}.Debug|Any CPU.ActiveCfg = Debug|Any CPU
		{B71345B7-AF42-42C1-ADCC-409EB8517B1E}.Debug|Any CPU.Build.0 = Debug|Any CPU
		{B71345B7-AF42-42C1-ADCC-409EB8517B1E}.Release|Any CPU.ActiveCfg = Release|Any CPU
		{B71345B7-AF42-42C1-ADCC-409EB8517B1E}.Release|Any CPU.Build.0 = Release|Any CPU
		{D6ECC0CA-4C34-4D08-A3C3-2692FB227DD1}.Debug|Any CPU.ActiveCfg = Debug|Any CPU
		{D6ECC0CA-4C34-4D08-A3C3-2692FB227DD1}.Debug|Any CPU.Build.0 = Debug|Any CPU
		{D6ECC0CA-4C34-4D08-A3C3-2692FB227DD1}.Release|Any CPU.ActiveCfg = Release|Any CPU
		{D6ECC0CA-4C34-4D08-A3C3-2692FB227DD1}.Release|Any CPU.Build.0 = Release|Any CPU
		{4924D21F-DD5E-4BB6-AA82-448844876383}.Debug|Any CPU.ActiveCfg = Debug|Any CPU
		{4924D21F-DD5E-4BB6-AA82-448844876383}.Debug|Any CPU.Build.0 = Debug|Any CPU
		{4924D21F-DD5E-4BB6-AA82-448844876383}.Release|Any CPU.ActiveCfg = Release|Any CPU
		{4924D21F-DD5E-4BB6-AA82-448844876383}.Release|Any CPU.Build.0 = Release|Any CPU
		{298E726D-921D-42B9-8DCB-E0C00DBD9489}.Debug|Any CPU.ActiveCfg = Debug|Any CPU
		{298E726D-921D-42B9-8DCB-E0C00DBD9489}.Debug|Any CPU.Build.0 = Debug|Any CPU
		{298E726D-921D-42B9-8DCB-E0C00DBD9489}.Release|Any CPU.ActiveCfg = Release|Any CPU
		{298E726D-921D-42B9-8DCB-E0C00DBD9489}.Release|Any CPU.Build.0 = Release|Any CPU
	EndGlobalSection
	GlobalSection(SolutionProperties) = preSolution
		HideSolutionNode = FALSE
	EndGlobalSection
	GlobalSection(ExtensibilityGlobals) = postSolution
		SolutionGuid = {D57AD9A7-6EAA-48D6-83B0-AC7CB4FC558E}
	EndGlobalSection
EndGlobal
